
Microsoft Visual Studio Solution File, Format Version 12.00
# Visual Studio Version 16
VisualStudioVersion = 16.0.28803.452
MinimumVisualStudioVersion = 10.0.40219.1
Project("{FAE04EC0-301F-11D3-BF4B-00C04F79EFBC}") = "MyBook", "Facebook\MyBook.csproj", "{B07E0215-5980-4E92-A894-F32CDFE5152B}"
EndProject
Global
	GlobalSection(SolutionConfigurationPlatforms) = preSolution
		Debug|Any CPU = Debug|Any CPU
		Release|Any CPU = Release|Any CPU
	EndGlobalSection
	GlobalSection(ProjectConfigurationPlatforms) = postSolution
		{B07E0215-5980-4E92-A894-F32CDFE5152B}.Debug|Any CPU.ActiveCfg = Debug|Any CPU
		{B07E0215-5980-4E92-A894-F32CDFE5152B}.Debug|Any CPU.Build.0 = Debug|Any CPU
		{B07E0215-5980-4E92-A894-F32CDFE5152B}.Release|Any CPU.ActiveCfg = Release|Any CPU
		{B07E0215-5980-4E92-A894-F32CDFE5152B}.Release|Any CPU.Build.0 = Release|Any CPU
	EndGlobalSection
	GlobalSection(SolutionProperties) = preSolution
		HideSolutionNode = FALSE
	EndGlobalSection
	GlobalSection(ExtensibilityGlobals) = postSolution
		SolutionGuid = {912937FD-4884-4F2B-A521-33899FD48019}
	EndGlobalSection
EndGlobal
